
Microsoft Visual Studio Solution File, Format Version 12.00
# Visual Studio Version 16
VisualStudioVersion = 16.0.29911.84
MinimumVisualStudioVersion = 10.0.40219.1
Project("{FAE04EC0-301F-11D3-BF4B-00C04F79EFBC}") = "Screenulate", "Screenulate\Screenulate.csproj", "{97274425-6504-471B-A18B-D95066322451}"
EndProject
Project("{FAE04EC0-301F-11D3-BF4B-00C04F79EFBC}") = "Screenulate.Tests", "Screenulate.Tests\Screenulate.Tests.csproj", "{3C6F17AC-AA2B-4418-B33D-B6E499F0F38D}"
EndProject
Global
	GlobalSection(SolutionConfigurationPlatforms) = preSolution
		Debug|Any CPU = Debug|Any CPU
		Release|Any CPU = Release|Any CPU
	EndGlobalSection
	GlobalSection(ProjectConfigurationPlatforms) = postSolution
		{97274425-6504-471B-A18B-D95066322451}.Debug|Any CPU.ActiveCfg = Debug|Any CPU
		{97274425-6504-471B-A18B-D95066322451}.Debug|Any CPU.Build.0 = Debug|Any CPU
		{97274425-6504-471B-A18B-D95066322451}.Release|Any CPU.ActiveCfg = Release|Any CPU
		{97274425-6504-471B-A18B-D95066322451}.Release|Any CPU.Build.0 = Release|Any CPU
		{3C6F17AC-AA2B-4418-B33D-B6E499F0F38D}.Debug|Any CPU.ActiveCfg = Debug|Any CPU
		{3C6F17AC-AA2B-4418-B33D-B6E499F0F38D}.Debug|Any CPU.Build.0 = Debug|Any CPU
		{3C6F17AC-AA2B-4418-B33D-B6E499F0F38D}.Release|Any CPU.ActiveCfg = Release|Any CPU
		{3C6F17AC-AA2B-4418-B33D-B6E499F0F38D}.Release|Any CPU.Build.0 = Release|Any CPU
	EndGlobalSection
	GlobalSection(SolutionProperties) = preSolution
		HideSolutionNode = FALSE
	EndGlobalSection
	GlobalSection(ExtensibilityGlobals) = postSolution
		SolutionGuid = {3A44959F-E935-412C-BE32-C81501B5FB50}
	EndGlobalSection
EndGlobal
